// !$*UTF8*$!
{
	archiveVersion = 1;
	classes = {
	};
	objectVersion = 46;
	objects = {

/* Begin PBXBuildFile section */
		0906c2d4d2bbec054b2d5ba575b25d06 /* ofxAudioUnitMatrixMixer.cpp in Sources */ = {isa = PBXBuildFile; fileRef = c8b7749dfcb2413261e353b4c279d8db /* ofxAudioUnitMatrixMixer.cpp */; };
		0928f46c1ffafb7170c2a661ee0a4a61 /* ofxAudioUnitSampler.cpp in Sources */ = {isa = PBXBuildFile; fileRef = 72439f44ffda8e291988657be8ebb925 /* ofxAudioUnitSampler.cpp */; };
		0b1a7edfbc477e5a2e37ccdf3645d0a9 /* ofxAudioUnitTap.cpp in Sources */ = {isa = PBXBuildFile; fileRef = 3bf3233a625c876fdabfab0c722ef1b3 /* ofxAudioUnitTap.cpp */; };
		0c4f519bce65ba5d7d6b6b68d57ecf11 /* CADebugMacros.cpp in Sources */ = {isa = PBXBuildFile; fileRef = d354a3121711ec82b6136fb0a1cf8ba7 /* CADebugMacros.cpp */; };
		0e826ec50f9f913c3159c2f77faa5583 /* ofxAudioUnitFftNode.cpp in Sources */ = {isa = PBXBuildFile; fileRef = 10f1b6b6dfee960f7fa4c6611e58b7c7 /* ofxAudioUnitFftNode.cpp */; };
		250a710d8814bf6d345b0877aa3e879b /* ofxAudioUnitNetSend.cpp in Sources */ = {isa = PBXBuildFile; fileRef = 1b31a94c1f7a20222686e663f12ca574 /* ofxAudioUnitNetSend.cpp */; };
		2b33b0211e062cb61c7faef9e99e4eff /* ofxAudioUnitDSPNode.cpp in Sources */ = {isa = PBXBuildFile; fileRef = aa63a01981fa6fcf6879a5c3ad1b2309 /* ofxAudioUnitDSPNode.cpp */; };
		2d5ff7f2acfb45212bc7739d19593e1b /* ofxAudioUnitCocoaUtilties.mm in Sources */ = {isa = PBXBuildFile; fileRef = ff9373cf95715bd3b8b9e8f943c9103c /* ofxAudioUnitCocoaUtilties.mm */; };
		6f4c9bc6393f980e0d016d520dd86f30 /* AUParamInfo.cpp in Sources */ = {isa = PBXBuildFile; fileRef = fda227d32c008fe98ad7688282bf5a81 /* AUParamInfo.cpp */; };
		71239fabd9dd8dade3e2eff959fb267b /* ofxAudioUnitMixer.cpp in Sources */ = {isa = PBXBuildFile; fileRef = 2939367276df781697e0d879aaf79d86 /* ofxAudioUnitMixer.cpp */; };
		87b337624802e70c0bdb11f33d9e5da5 /* ofxAudioUnit.cpp in Sources */ = {isa = PBXBuildFile; fileRef = 2dc2346096c29d44d4517679d9de2c6c /* ofxAudioUnit.cpp */; };
		9011EBF41832C46F003EBEF6 /* AudioUnit.framework in Frameworks */ = {isa = PBXBuildFile; fileRef = 9011EBF21832C46F003EBEF6 /* AudioUnit.framework */; };
		9011EBF51832C46F003EBEF6 /* CoreAudioKit.framework in Frameworks */ = {isa = PBXBuildFile; fileRef = 9011EBF31832C46F003EBEF6 /* CoreAudioKit.framework */; };
		BBAB23CB13894F3D00AA2426 /* GLUT.framework in CopyFiles */ = {isa = PBXBuildFile; fileRef = BBAB23BE13894E4700AA2426 /* GLUT.framework */; };
		E4328149138ABC9F0047C5CB /* openFrameworksDebug.a in Frameworks */ = {isa = PBXBuildFile; fileRef = E4328148138ABC890047C5CB /* openFrameworksDebug.a */; };
		E45BE97B0E8CC7DD009D7055 /* AGL.framework in Frameworks */ = {isa = PBXBuildFile; fileRef = E45BE9710E8CC7DD009D7055 /* AGL.framework */; };
		E45BE97C0E8CC7DD009D7055 /* ApplicationServices.framework in Frameworks */ = {isa = PBXBuildFile; fileRef = E45BE9720E8CC7DD009D7055 /* ApplicationServices.framework */; };
		E45BE97D0E8CC7DD009D7055 /* AudioToolbox.framework in Frameworks */ = {isa = PBXBuildFile; fileRef = E45BE9730E8CC7DD009D7055 /* AudioToolbox.framework */; };
		E45BE97E0E8CC7DD009D7055 /* Carbon.framework in Frameworks */ = {isa = PBXBuildFile; fileRef = E45BE9740E8CC7DD009D7055 /* Carbon.framework */; };
		E45BE97F0E8CC7DD009D7055 /* CoreAudio.framework in Frameworks */ = {isa = PBXBuildFile; fileRef = E45BE9750E8CC7DD009D7055 /* CoreAudio.framework */; };
		E45BE9800E8CC7DD009D7055 /* CoreFoundation.framework in Frameworks */ = {isa = PBXBuildFile; fileRef = E45BE9760E8CC7DD009D7055 /* CoreFoundation.framework */; };
		E45BE9810E8CC7DD009D7055 /* CoreServices.framework in Frameworks */ = {isa = PBXBuildFile; fileRef = E45BE9770E8CC7DD009D7055 /* CoreServices.framework */; };
		E45BE9830E8CC7DD009D7055 /* OpenGL.framework in Frameworks */ = {isa = PBXBuildFile; fileRef = E45BE9790E8CC7DD009D7055 /* OpenGL.framework */; };
		E45BE9840E8CC7DD009D7055 /* QuickTime.framework in Frameworks */ = {isa = PBXBuildFile; fileRef = E45BE97A0E8CC7DD009D7055 /* QuickTime.framework */; };
		E4B69E200A3A1BDC003C02F2 /* main.cpp in Sources */ = {isa = PBXBuildFile; fileRef = E4B69E1D0A3A1BDC003C02F2 /* main.cpp */; };
		E4B69E210A3A1BDC003C02F2 /* testApp.cpp in Sources */ = {isa = PBXBuildFile; fileRef = E4B69E1E0A3A1BDC003C02F2 /* testApp.cpp */; };
		E4C2424710CC5A17004149E2 /* AppKit.framework in Frameworks */ = {isa = PBXBuildFile; fileRef = E4C2424410CC5A17004149E2 /* AppKit.framework */; };
		E4C2424810CC5A17004149E2 /* Cocoa.framework in Frameworks */ = {isa = PBXBuildFile; fileRef = E4C2424510CC5A17004149E2 /* Cocoa.framework */; };
		E4C2424910CC5A17004149E2 /* IOKit.framework in Frameworks */ = {isa = PBXBuildFile; fileRef = E4C2424610CC5A17004149E2 /* IOKit.framework */; };
		E4EB6799138ADC1D00A09F29 /* GLUT.framework in Frameworks */ = {isa = PBXBuildFile; fileRef = BBAB23BE13894E4700AA2426 /* GLUT.framework */; };
		E7E077E515D3B63C0020DFD4 /* CoreVideo.framework in Frameworks */ = {isa = PBXBuildFile; fileRef = E7E077E415D3B63C0020DFD4 /* CoreVideo.framework */; };
		E7E077E815D3B6510020DFD4 /* QTKit.framework in Frameworks */ = {isa = PBXBuildFile; fileRef = E7E077E715D3B6510020DFD4 /* QTKit.framework */; };
		E7F985F815E0DEA3003869B5 /* Accelerate.framework in Frameworks */ = {isa = PBXBuildFile; fileRef = E7F985F515E0DE99003869B5 /* Accelerate.framework */; };
		a1d93b3b282e51fd3ded53133a442174 /* ofxAudioUnitInput.cpp in Sources */ = {isa = PBXBuildFile; fileRef = 921304abbee9bbad134368987c452278 /* ofxAudioUnitInput.cpp */; };
		aa26bbda5e32e5bb20c82addd5114453 /* ofxAudioUnitRecorder.cpp in Sources */ = {isa = PBXBuildFile; fileRef = 7fb5f74c69d4e17560bb615e28cd2a74 /* ofxAudioUnitRecorder.cpp */; };
		ab6830767302568ab46dc937f040dcd9 /* ofxAudioUnitSpeechSynth.cpp in Sources */ = {isa = PBXBuildFile; fileRef = 39a11af55c4bffbb589c8d0de8bfdb77 /* ofxAudioUnitSpeechSynth.cpp */; };
		b7855559edba51207314369387bb28a9 /* CAAUParameter.cpp in Sources */ = {isa = PBXBuildFile; fileRef = e8f2f49af09eb5453e1e65361fd9486d /* CAAUParameter.cpp */; };
		c0a1f9451231b08dccffc838143dfcfa /* ofxAudioUnitNetReceive.cpp in Sources */ = {isa = PBXBuildFile; fileRef = c8329ebfadf768e535429bca43694591 /* ofxAudioUnitNetReceive.cpp */; };
		d5d5c8479c1c2a462955a2eccb1dbe2a /* ofxAudioUnitMidi.cpp in Sources */ = {isa = PBXBuildFile; fileRef = 49b5dc24cf34c7895a50341684c3b269 /* ofxAudioUnitMidi.cpp */; };
		ee243572eca9ad4d118eef8e0bbca18a /* TPCircularBuffer.c in Sources */ = {isa = PBXBuildFile; fileRef = 7c1900a801ef82f8e3b799b7471cdfab /* TPCircularBuffer.c */; };
		f09ec3f89cf64e415784bb3205db80da /* ofxAudioUnitHardwareUtils.cpp in Sources */ = {isa = PBXBuildFile; fileRef = 9aba70779062f057766bc5de660295e8 /* ofxAudioUnitHardwareUtils.cpp */; };
		f37393707bbd7e49a1055ffbaf2d252d /* ofxAudioUnitFilePlayer.cpp in Sources */ = {isa = PBXBuildFile; fileRef = 31564f8523ff518f4ec8f292e95be7da /* ofxAudioUnitFilePlayer.cpp */; };
		f46d757e6d52dffe3a9c169bfec4ec4b /* ofxAudioUnitOutput.cpp in Sources */ = {isa = PBXBuildFile; fileRef = 58685f70d967cf184b2311021aa51c1b /* ofxAudioUnitOutput.cpp */; };
/* End PBXBuildFile section */

/* Begin PBXContainerItemProxy section */
		E4328147138ABC890047C5CB /* PBXContainerItemProxy */ = {
			isa = PBXContainerItemProxy;
			containerPortal = E4328143138ABC890047C5CB /* openFrameworksLib.xcodeproj */;
			proxyType = 2;
			remoteGlobalIDString = E4B27C1510CBEB8E00536013;
			remoteInfo = openFrameworks;
		};
		E4EEB9AB138B136A00A80321 /* PBXContainerItemProxy */ = {
			isa = PBXContainerItemProxy;
			containerPortal = E4328143138ABC890047C5CB /* openFrameworksLib.xcodeproj */;
			proxyType = 1;
			remoteGlobalIDString = E4B27C1410CBEB8E00536013;
			remoteInfo = openFrameworks;
		};
/* End PBXContainerItemProxy section */

/* Begin PBXCopyFilesBuildPhase section */
		E4C2427710CC5ABF004149E2 /* CopyFiles */ = {
			isa = PBXCopyFilesBuildPhase;
			buildActionMask = 2147483647;
			dstPath = "";
			dstSubfolderSpec = 10;
			files = (
				BBAB23CB13894F3D00AA2426 /* GLUT.framework in CopyFiles */,
			);
			runOnlyForDeploymentPostprocessing = 0;
		};
/* End PBXCopyFilesBuildPhase section */

/* Begin PBXFileReference section */
		089deae1cf6d401e86110f72e7b2206d /* ofxAudioUnitOutput.h */ = {isa = PBXFileReference; explicitFileType = sourcecode.c.h; fileEncoding = 30; name = ofxAudioUnitOutput.h; path = ../../../addons/ofxAudioUnit/src/ofxAudioUnitOutput.h; sourceTree = SOURCE_ROOT; };
		10f1b6b6dfee960f7fa4c6611e58b7c7 /* ofxAudioUnitFftNode.cpp */ = {isa = PBXFileReference; explicitFileType = sourcecode.cpp.cpp; fileEncoding = 30; name = ofxAudioUnitFftNode.cpp; path = ../../../addons/ofxAudioUnit/src/ofxAudioUnitFftNode.cpp; sourceTree = SOURCE_ROOT; };
		13b169351929eea804c94e5d47de88aa /* CAAUParameter.h */ = {isa = PBXFileReference; explicitFileType = sourcecode.c.h; fileEncoding = 30; name = CAAUParameter.h; path = ../../../addons/ofxAudioUnit/src/CAPublicUtility/CAAUParameter.h; sourceTree = SOURCE_ROOT; };
		18b335e1bc2a834648c8d7dfe776e9be /* ofxAudioUnitNetSend.h */ = {isa = PBXFileReference; explicitFileType = sourcecode.c.h; fileEncoding = 30; name = ofxAudioUnitNetSend.h; path = ../../../addons/ofxAudioUnit/src/ofxAudioUnitNetSend.h; sourceTree = SOURCE_ROOT; };
		18f9c99efc1fc4b7eaf4e79f51da9216 /* ofxAudioUnitMixer.h */ = {isa = PBXFileReference; explicitFileType = sourcecode.c.h; fileEncoding = 30; name = ofxAudioUnitMixer.h; path = ../../../addons/ofxAudioUnit/src/ofxAudioUnitMixer.h; sourceTree = SOURCE_ROOT; };
		1b31a94c1f7a20222686e663f12ca574 /* ofxAudioUnitNetSend.cpp */ = {isa = PBXFileReference; explicitFileType = sourcecode.cpp.cpp; fileEncoding = 30; name = ofxAudioUnitNetSend.cpp; path = ../../../addons/ofxAudioUnit/src/ofxAudioUnitNetSend.cpp; sourceTree = SOURCE_ROOT; };
		2295801f930c94a28d50e7e292959e56 /* CAXException.h */ = {isa = PBXFileReference; explicitFileType = sourcecode.c.h; fileEncoding = 30; name = CAXException.h; path = ../../../addons/ofxAudioUnit/src/CAPublicUtility/CAXException.h; sourceTree = SOURCE_ROOT; };
		240097a265c7fc338c551511d3f74276 /* AUParamInfo.h */ = {isa = PBXFileReference; explicitFileType = sourcecode.c.h; fileEncoding = 30; name = AUParamInfo.h; path = ../../../addons/ofxAudioUnit/src/CAPublicUtility/AUParamInfo.h; sourceTree = SOURCE_ROOT; };
		24af919600e8f2404a7e5035539af172 /* ofxAudioUnitMatrixMixer.h */ = {isa = PBXFileReference; explicitFileType = sourcecode.c.h; fileEncoding = 30; name = ofxAudioUnitMatrixMixer.h; path = ../../../addons/ofxAudioUnit/src/ofxAudioUnitMatrixMixer.h; sourceTree = SOURCE_ROOT; };
		29320baa1f94e62780c2c648ad151136 /* ofxAudioUnitInput.h */ = {isa = PBXFileReference; explicitFileType = sourcecode.c.h; fileEncoding = 30; name = ofxAudioUnitInput.h; path = ../../../addons/ofxAudioUnit/src/ofxAudioUnitInput.h; sourceTree = SOURCE_ROOT; };
		2939367276df781697e0d879aaf79d86 /* ofxAudioUnitMixer.cpp */ = {isa = PBXFileReference; explicitFileType = sourcecode.cpp.cpp; fileEncoding = 30; name = ofxAudioUnitMixer.cpp; path = ../../../addons/ofxAudioUnit/src/ofxAudioUnitMixer.cpp; sourceTree = SOURCE_ROOT; };
		2dc2346096c29d44d4517679d9de2c6c /* ofxAudioUnit.cpp */ = {isa = PBXFileReference; explicitFileType = sourcecode.cpp.cpp; fileEncoding = 30; name = ofxAudioUnit.cpp; path = ../../../addons/ofxAudioUnit/src/ofxAudioUnit.cpp; sourceTree = SOURCE_ROOT; };
		31564f8523ff518f4ec8f292e95be7da /* ofxAudioUnitFilePlayer.cpp */ = {isa = PBXFileReference; explicitFileType = sourcecode.cpp.cpp; fileEncoding = 30; name = ofxAudioUnitFilePlayer.cpp; path = ../../../addons/ofxAudioUnit/src/ofxAudioUnitFilePlayer.cpp; sourceTree = SOURCE_ROOT; };
		39a11af55c4bffbb589c8d0de8bfdb77 /* ofxAudioUnitSpeechSynth.cpp */ = {isa = PBXFileReference; explicitFileType = sourcecode.cpp.cpp; fileEncoding = 30; name = ofxAudioUnitSpeechSynth.cpp; path = ../../../addons/ofxAudioUnit/src/ofxAudioUnitSpeechSynth.cpp; sourceTree = SOURCE_ROOT; };
		3bf3233a625c876fdabfab0c722ef1b3 /* ofxAudioUnitTap.cpp */ = {isa = PBXFileReference; explicitFileType = sourcecode.cpp.cpp; fileEncoding = 30; name = ofxAudioUnitTap.cpp; path = ../../../addons/ofxAudioUnit/src/ofxAudioUnitTap.cpp; sourceTree = SOURCE_ROOT; };
		49b5dc24cf34c7895a50341684c3b269 /* ofxAudioUnitMidi.cpp */ = {isa = PBXFileReference; explicitFileType = sourcecode.cpp.cpp; fileEncoding = 30; name = ofxAudioUnitMidi.cpp; path = ../../../addons/ofxAudioUnit/src/ofxAudioUnitMidi.cpp; sourceTree = SOURCE_ROOT; };
		4b3f2bb1352c56702edd2d4ecc56028d /* TPCircularBuffer.h */ = {isa = PBXFileReference; explicitFileType = sourcecode.c.h; fileEncoding = 30; name = TPCircularBuffer.h; path = ../../../addons/ofxAudioUnit/src/TPCircularBuffer/TPCircularBuffer.h; sourceTree = SOURCE_ROOT; };
		58685f70d967cf184b2311021aa51c1b /* ofxAudioUnitOutput.cpp */ = {isa = PBXFileReference; explicitFileType = sourcecode.cpp.cpp; fileEncoding = 30; name = ofxAudioUnitOutput.cpp; path = ../../../addons/ofxAudioUnit/src/ofxAudioUnitOutput.cpp; sourceTree = SOURCE_ROOT; };
		598ecd3ae55d46cb116f5c6fe3ee6dac /* CADebugMacros.h */ = {isa = PBXFileReference; explicitFileType = sourcecode.c.h; fileEncoding = 30; name = CADebugMacros.h; path = ../../../addons/ofxAudioUnit/src/CAPublicUtility/CADebugMacros.h; sourceTree = SOURCE_ROOT; };
		72439f44ffda8e291988657be8ebb925 /* ofxAudioUnitSampler.cpp */ = {isa = PBXFileReference; explicitFileType = sourcecode.cpp.cpp; fileEncoding = 30; name = ofxAudioUnitSampler.cpp; path = ../../../addons/ofxAudioUnit/src/ofxAudioUnitSampler.cpp; sourceTree = SOURCE_ROOT; };
		7c1900a801ef82f8e3b799b7471cdfab /* TPCircularBuffer.c */ = {isa = PBXFileReference; explicitFileType = sourcecode.c.c; fileEncoding = 30; name = TPCircularBuffer.c; path = ../../../addons/ofxAudioUnit/src/TPCircularBuffer/TPCircularBuffer.c; sourceTree = SOURCE_ROOT; };
		7fb5f74c69d4e17560bb615e28cd2a74 /* ofxAudioUnitRecorder.cpp */ = {isa = PBXFileReference; explicitFileType = sourcecode.cpp.cpp; fileEncoding = 30; name = ofxAudioUnitRecorder.cpp; path = ../../../addons/ofxAudioUnit/src/ofxAudioUnitRecorder.cpp; sourceTree = SOURCE_ROOT; };
		883971ddcc3f7881c2c65b5061b42af5 /* ofxAudioUnitSpeechSynth.h */ = {isa = PBXFileReference; explicitFileType = sourcecode.c.h; fileEncoding = 30; name = ofxAudioUnitSpeechSynth.h; path = ../../../addons/ofxAudioUnit/src/ofxAudioUnitSpeechSynth.h; sourceTree = SOURCE_ROOT; };
		8b873eeef22b81d25ea0d45dfb37e57b /* ofxAudioUnitDSPNode.h */ = {isa = PBXFileReference; explicitFileType = sourcecode.c.h; fileEncoding = 30; name = ofxAudioUnitDSPNode.h; path = ../../../addons/ofxAudioUnit/src/ofxAudioUnitDSPNode.h; sourceTree = SOURCE_ROOT; };
		9011EBF21832C46F003EBEF6 /* AudioUnit.framework */ = {isa = PBXFileReference; lastKnownFileType = wrapper.framework; name = AudioUnit.framework; path = System/Library/Frameworks/AudioUnit.framework; sourceTree = SDKROOT; };
		9011EBF31832C46F003EBEF6 /* CoreAudioKit.framework */ = {isa = PBXFileReference; lastKnownFileType = wrapper.framework; name = CoreAudioKit.framework; path = System/Library/Frameworks/CoreAudioKit.framework; sourceTree = SDKROOT; };
		921304abbee9bbad134368987c452278 /* ofxAudioUnitInput.cpp */ = {isa = PBXFileReference; explicitFileType = sourcecode.cpp.cpp; fileEncoding = 30; name = ofxAudioUnitInput.cpp; path = ../../../addons/ofxAudioUnit/src/ofxAudioUnitInput.cpp; sourceTree = SOURCE_ROOT; };
		9aba70779062f057766bc5de660295e8 /* ofxAudioUnitHardwareUtils.cpp */ = {isa = PBXFileReference; explicitFileType = sourcecode.cpp.cpp; fileEncoding = 30; name = ofxAudioUnitHardwareUtils.cpp; path = ../../../addons/ofxAudioUnit/src/ofxAudioUnitHardwareUtils.cpp; sourceTree = SOURCE_ROOT; };
		BBAB23BE13894E4700AA2426 /* GLUT.framework */ = {isa = PBXFileReference; lastKnownFileType = wrapper.framework; name = GLUT.framework; path = ../../../libs/glut/lib/osx/GLUT.framework; sourceTree = "<group>"; };
		E4328143138ABC890047C5CB /* openFrameworksLib.xcodeproj */ = {isa = PBXFileReference; lastKnownFileType = "wrapper.pb-project"; name = openFrameworksLib.xcodeproj; path = ../../../libs/openFrameworksCompiled/project/osx/openFrameworksLib.xcodeproj; sourceTree = SOURCE_ROOT; };
		E45BE9710E8CC7DD009D7055 /* AGL.framework */ = {isa = PBXFileReference; lastKnownFileType = wrapper.framework; name = AGL.framework; path = /System/Library/Frameworks/AGL.framework; sourceTree = "<absolute>"; };
		E45BE9720E8CC7DD009D7055 /* ApplicationServices.framework */ = {isa = PBXFileReference; lastKnownFileType = wrapper.framework; name = ApplicationServices.framework; path = /System/Library/Frameworks/ApplicationServices.framework; sourceTree = "<absolute>"; };
		E45BE9730E8CC7DD009D7055 /* AudioToolbox.framework */ = {isa = PBXFileReference; lastKnownFileType = wrapper.framework; name = AudioToolbox.framework; path = /System/Library/Frameworks/AudioToolbox.framework; sourceTree = "<absolute>"; };
		E45BE9740E8CC7DD009D7055 /* Carbon.framework */ = {isa = PBXFileReference; lastKnownFileType = wrapper.framework; name = Carbon.framework; path = /System/Library/Frameworks/Carbon.framework; sourceTree = "<absolute>"; };
		E45BE9750E8CC7DD009D7055 /* CoreAudio.framework */ = {isa = PBXFileReference; lastKnownFileType = wrapper.framework; name = CoreAudio.framework; path = /System/Library/Frameworks/CoreAudio.framework; sourceTree = "<absolute>"; };
		E45BE9760E8CC7DD009D7055 /* CoreFoundation.framework */ = {isa = PBXFileReference; lastKnownFileType = wrapper.framework; name = CoreFoundation.framework; path = /System/Library/Frameworks/CoreFoundation.framework; sourceTree = "<absolute>"; };
		E45BE9770E8CC7DD009D7055 /* CoreServices.framework */ = {isa = PBXFileReference; lastKnownFileType = wrapper.framework; name = CoreServices.framework; path = /System/Library/Frameworks/CoreServices.framework; sourceTree = "<absolute>"; };
		E45BE9790E8CC7DD009D7055 /* OpenGL.framework */ = {isa = PBXFileReference; lastKnownFileType = wrapper.framework; name = OpenGL.framework; path = /System/Library/Frameworks/OpenGL.framework; sourceTree = "<absolute>"; };
		E45BE97A0E8CC7DD009D7055 /* QuickTime.framework */ = {isa = PBXFileReference; lastKnownFileType = wrapper.framework; name = QuickTime.framework; path = /System/Library/Frameworks/QuickTime.framework; sourceTree = "<absolute>"; };
		E4B69B5B0A3A1756003C02F2 /* AUworkshopDebug.app */ = {isa = PBXFileReference; explicitFileType = wrapper.application; includeInIndex = 0; path = AUworkshopDebug.app; sourceTree = BUILT_PRODUCTS_DIR; };
		E4B69E1D0A3A1BDC003C02F2 /* main.cpp */ = {isa = PBXFileReference; fileEncoding = 30; lastKnownFileType = sourcecode.cpp.cpp; name = main.cpp; path = src/main.cpp; sourceTree = SOURCE_ROOT; };
		E4B69E1E0A3A1BDC003C02F2 /* testApp.cpp */ = {isa = PBXFileReference; explicitFileType = sourcecode.cpp.cpp; fileEncoding = 30; name = testApp.cpp; path = src/testApp.cpp; sourceTree = SOURCE_ROOT; };
		E4B69E1F0A3A1BDC003C02F2 /* testApp.h */ = {isa = PBXFileReference; fileEncoding = 30; lastKnownFileType = sourcecode.c.h; name = testApp.h; path = src/testApp.h; sourceTree = SOURCE_ROOT; };
		E4B6FCAD0C3E899E008CF71C /* openFrameworks-Info.plist */ = {isa = PBXFileReference; fileEncoding = 30; lastKnownFileType = text.plist.xml; path = "openFrameworks-Info.plist"; sourceTree = "<group>"; };
		E4C2424410CC5A17004149E2 /* AppKit.framework */ = {isa = PBXFileReference; lastKnownFileType = wrapper.framework; name = AppKit.framework; path = /System/Library/Frameworks/AppKit.framework; sourceTree = "<absolute>"; };
		E4C2424510CC5A17004149E2 /* Cocoa.framework */ = {isa = PBXFileReference; lastKnownFileType = wrapper.framework; name = Cocoa.framework; path = /System/Library/Frameworks/Cocoa.framework; sourceTree = "<absolute>"; };
		E4C2424610CC5A17004149E2 /* IOKit.framework */ = {isa = PBXFileReference; lastKnownFileType = wrapper.framework; name = IOKit.framework; path = /System/Library/Frameworks/IOKit.framework; sourceTree = "<absolute>"; };
		E4EB691F138AFCF100A09F29 /* CoreOF.xcconfig */ = {isa = PBXFileReference; fileEncoding = 4; lastKnownFileType = text.xcconfig; name = CoreOF.xcconfig; path = ../../../libs/openFrameworksCompiled/project/osx/CoreOF.xcconfig; sourceTree = SOURCE_ROOT; };
		E4EB6923138AFD0F00A09F29 /* Project.xcconfig */ = {isa = PBXFileReference; fileEncoding = 4; lastKnownFileType = text.xcconfig; path = Project.xcconfig; sourceTree = "<group>"; };
		E7E077E415D3B63C0020DFD4 /* CoreVideo.framework */ = {isa = PBXFileReference; lastKnownFileType = wrapper.framework; name = CoreVideo.framework; path = /System/Library/Frameworks/CoreVideo.framework; sourceTree = "<absolute>"; };
		E7E077E715D3B6510020DFD4 /* QTKit.framework */ = {isa = PBXFileReference; lastKnownFileType = wrapper.framework; name = QTKit.framework; path = /System/Library/Frameworks/QTKit.framework; sourceTree = "<absolute>"; };
		E7F985F515E0DE99003869B5 /* Accelerate.framework */ = {isa = PBXFileReference; lastKnownFileType = wrapper.framework; name = Accelerate.framework; path = /System/Library/Frameworks/Accelerate.framework; sourceTree = "<absolute>"; };
		a9fb6499e5a09fb015a883ea84c8556a /* ofxAudioUnitHardwareUtils.h */ = {isa = PBXFileReference; explicitFileType = sourcecode.c.h; fileEncoding = 30; name = ofxAudioUnitHardwareUtils.h; path = ../../../addons/ofxAudioUnit/src/ofxAudioUnitHardwareUtils.h; sourceTree = SOURCE_ROOT; };
		aa63a01981fa6fcf6879a5c3ad1b2309 /* ofxAudioUnitDSPNode.cpp */ = {isa = PBXFileReference; explicitFileType = sourcecode.cpp.cpp; fileEncoding = 30; name = ofxAudioUnitDSPNode.cpp; path = ../../../addons/ofxAudioUnit/src/ofxAudioUnitDSPNode.cpp; sourceTree = SOURCE_ROOT; };
		b4488a9492c5f3eb4812290733f82999 /* ofxAudioUnitBase.h */ = {isa = PBXFileReference; explicitFileType = sourcecode.c.h; fileEncoding = 30; name = ofxAudioUnitBase.h; path = ../../../addons/ofxAudioUnit/src/ofxAudioUnitBase.h; sourceTree = SOURCE_ROOT; };
		c03e4bd2b0df7b29fcb3bddf61e654c2 /* ofxAudioUnitSampler.h */ = {isa = PBXFileReference; explicitFileType = sourcecode.c.h; fileEncoding = 30; name = ofxAudioUnitSampler.h; path = ../../../addons/ofxAudioUnit/src/ofxAudioUnitSampler.h; sourceTree = SOURCE_ROOT; };
		c8329ebfadf768e535429bca43694591 /* ofxAudioUnitNetReceive.cpp */ = {isa = PBXFileReference; explicitFileType = sourcecode.cpp.cpp; fileEncoding = 30; name = ofxAudioUnitNetReceive.cpp; path = ../../../addons/ofxAudioUnit/src/ofxAudioUnitNetReceive.cpp; sourceTree = SOURCE_ROOT; };
		c8b7749dfcb2413261e353b4c279d8db /* ofxAudioUnitMatrixMixer.cpp */ = {isa = PBXFileReference; explicitFileType = sourcecode.cpp.cpp; fileEncoding = 30; name = ofxAudioUnitMatrixMixer.cpp; path = ../../../addons/ofxAudioUnit/src/ofxAudioUnitMatrixMixer.cpp; sourceTree = SOURCE_ROOT; };
		ccc45454ae1edaa951fc5b849966441a /* ofxAudioUnitUtils.h */ = {isa = PBXFileReference; explicitFileType = sourcecode.c.h; fileEncoding = 30; name = ofxAudioUnitUtils.h; path = ../../../addons/ofxAudioUnit/src/ofxAudioUnitUtils.h; sourceTree = SOURCE_ROOT; };
		cda167e15fb84f30b6ce5f747410bc57 /* ofxAudioUnitMidi.h */ = {isa = PBXFileReference; explicitFileType = sourcecode.c.h; fileEncoding = 30; name = ofxAudioUnitMidi.h; path = ../../../addons/ofxAudioUnit/src/ofxAudioUnitMidi.h; sourceTree = SOURCE_ROOT; };
		d354a3121711ec82b6136fb0a1cf8ba7 /* CADebugMacros.cpp */ = {isa = PBXFileReference; explicitFileType = sourcecode.cpp.cpp; fileEncoding = 30; name = CADebugMacros.cpp; path = ../../../addons/ofxAudioUnit/src/CAPublicUtility/CADebugMacros.cpp; sourceTree = SOURCE_ROOT; };
		d51a3b424e06281899de1b69efd937de /* ofxAudioUnitTap.h */ = {isa = PBXFileReference; explicitFileType = sourcecode.c.h; fileEncoding = 30; name = ofxAudioUnitTap.h; path = ../../../addons/ofxAudioUnit/src/ofxAudioUnitTap.h; sourceTree = SOURCE_ROOT; };
		e255709a8d96e5b2a47124c8ea78fbf7 /* ofxAudioUnitFilePlayer.h */ = {isa = PBXFileReference; explicitFileType = sourcecode.c.h; fileEncoding = 30; name = ofxAudioUnitFilePlayer.h; path = ../../../addons/ofxAudioUnit/src/ofxAudioUnitFilePlayer.h; sourceTree = SOURCE_ROOT; };
		e8f2f49af09eb5453e1e65361fd9486d /* CAAUParameter.cpp */ = {isa = PBXFileReference; explicitFileType = sourcecode.cpp.cpp; fileEncoding = 30; name = CAAUParameter.cpp; path = ../../../addons/ofxAudioUnit/src/CAPublicUtility/CAAUParameter.cpp; sourceTree = SOURCE_ROOT; };
		f6b47ee3720786d4b6c128cde05fb129 /* ofxAudioUnitFftNode.h */ = {isa = PBXFileReference; explicitFileType = sourcecode.c.h; fileEncoding = 30; name = ofxAudioUnitFftNode.h; path = ../../../addons/ofxAudioUnit/src/ofxAudioUnitFftNode.h; sourceTree = SOURCE_ROOT; };
		f87718627e3ac8bbcd17012deacbc01f /* ofxAudioUnitNetReceive.h */ = {isa = PBXFileReference; explicitFileType = sourcecode.c.h; fileEncoding = 30; name = ofxAudioUnitNetReceive.h; path = ../../../addons/ofxAudioUnit/src/ofxAudioUnitNetReceive.h; sourceTree = SOURCE_ROOT; };
		f8adfb6685b4886f48e323a680624f0d /* ofxAudioUnit.h */ = {isa = PBXFileReference; explicitFileType = sourcecode.c.h; fileEncoding = 30; name = ofxAudioUnit.h; path = ../../../addons/ofxAudioUnit/src/ofxAudioUnit.h; sourceTree = SOURCE_ROOT; };
		fda227d32c008fe98ad7688282bf5a81 /* AUParamInfo.cpp */ = {isa = PBXFileReference; explicitFileType = sourcecode.cpp.cpp; fileEncoding = 30; name = AUParamInfo.cpp; path = ../../../addons/ofxAudioUnit/src/CAPublicUtility/AUParamInfo.cpp; sourceTree = SOURCE_ROOT; };
		ff907932a21c5d48b60d4feb32d455a4 /* ofxAudioUnitRecorder.h */ = {isa = PBXFileReference; explicitFileType = sourcecode.c.h; fileEncoding = 30; name = ofxAudioUnitRecorder.h; path = ../../../addons/ofxAudioUnit/src/ofxAudioUnitRecorder.h; sourceTree = SOURCE_ROOT; };
		ff9373cf95715bd3b8b9e8f943c9103c /* ofxAudioUnitCocoaUtilties.mm */ = {isa = PBXFileReference; explicitFileType = sourcecode.cpp.objcpp; fileEncoding = 30; name = ofxAudioUnitCocoaUtilties.mm; path = ../../../addons/ofxAudioUnit/src/ofxAudioUnitCocoaUtilties.mm; sourceTree = SOURCE_ROOT; };
/* End PBXFileReference section */

/* Begin PBXFrameworksBuildPhase section */
		E4B69B590A3A1756003C02F2 /* Frameworks */ = {
			isa = PBXFrameworksBuildPhase;
			buildActionMask = 2147483647;
			files = (
				9011EBF41832C46F003EBEF6 /* AudioUnit.framework in Frameworks */,
				9011EBF51832C46F003EBEF6 /* CoreAudioKit.framework in Frameworks */,
				E7F985F815E0DEA3003869B5 /* Accelerate.framework in Frameworks */,
				E7E077E815D3B6510020DFD4 /* QTKit.framework in Frameworks */,
				E4EB6799138ADC1D00A09F29 /* GLUT.framework in Frameworks */,
				E4328149138ABC9F0047C5CB /* openFrameworksDebug.a in Frameworks */,
				E45BE97B0E8CC7DD009D7055 /* AGL.framework in Frameworks */,
				E45BE97C0E8CC7DD009D7055 /* ApplicationServices.framework in Frameworks */,
				E45BE97D0E8CC7DD009D7055 /* AudioToolbox.framework in Frameworks */,
				E45BE97E0E8CC7DD009D7055 /* Carbon.framework in Frameworks */,
				E45BE97F0E8CC7DD009D7055 /* CoreAudio.framework in Frameworks */,
				E45BE9800E8CC7DD009D7055 /* CoreFoundation.framework in Frameworks */,
				E45BE9810E8CC7DD009D7055 /* CoreServices.framework in Frameworks */,
				E45BE9830E8CC7DD009D7055 /* OpenGL.framework in Frameworks */,
				E45BE9840E8CC7DD009D7055 /* QuickTime.framework in Frameworks */,
				E4C2424710CC5A17004149E2 /* AppKit.framework in Frameworks */,
				E4C2424810CC5A17004149E2 /* Cocoa.framework in Frameworks */,
				E4C2424910CC5A17004149E2 /* IOKit.framework in Frameworks */,
				E7E077E515D3B63C0020DFD4 /* CoreVideo.framework in Frameworks */,
			);
			runOnlyForDeploymentPostprocessing = 0;
		};
/* End PBXFrameworksBuildPhase section */

/* Begin PBXGroup section */
		1f4b8f73512f75dcabf5da500cc2b4fb /* CAPublicUtility */ = {
			isa = PBXGroup;
			children = (
				fda227d32c008fe98ad7688282bf5a81 /* AUParamInfo.cpp */,
				240097a265c7fc338c551511d3f74276 /* AUParamInfo.h */,
				e8f2f49af09eb5453e1e65361fd9486d /* CAAUParameter.cpp */,
				13b169351929eea804c94e5d47de88aa /* CAAUParameter.h */,
				d354a3121711ec82b6136fb0a1cf8ba7 /* CADebugMacros.cpp */,
				598ecd3ae55d46cb116f5c6fe3ee6dac /* CADebugMacros.h */,
				2295801f930c94a28d50e7e292959e56 /* CAXException.h */,
			);
			name = CAPublicUtility;
			sourceTree = "<group>";
		};
		57d572937403d9d7fe4c20005870fd66 /* TPCircularBuffer */ = {
			isa = PBXGroup;
			children = (
				7c1900a801ef82f8e3b799b7471cdfab /* TPCircularBuffer.c */,
				4b3f2bb1352c56702edd2d4ecc56028d /* TPCircularBuffer.h */,
			);
			name = TPCircularBuffer;
			sourceTree = "<group>";
		};
		8119335ee8e352a52d64b71245db4c1f /* src */ = {
			isa = PBXGroup;
			children = (
				1f4b8f73512f75dcabf5da500cc2b4fb /* CAPublicUtility */,
				2dc2346096c29d44d4517679d9de2c6c /* ofxAudioUnit.cpp */,
				f8adfb6685b4886f48e323a680624f0d /* ofxAudioUnit.h */,
				b4488a9492c5f3eb4812290733f82999 /* ofxAudioUnitBase.h */,
				ff9373cf95715bd3b8b9e8f943c9103c /* ofxAudioUnitCocoaUtilties.mm */,
				aa63a01981fa6fcf6879a5c3ad1b2309 /* ofxAudioUnitDSPNode.cpp */,
				8b873eeef22b81d25ea0d45dfb37e57b /* ofxAudioUnitDSPNode.h */,
				10f1b6b6dfee960f7fa4c6611e58b7c7 /* ofxAudioUnitFftNode.cpp */,
				f6b47ee3720786d4b6c128cde05fb129 /* ofxAudioUnitFftNode.h */,
				31564f8523ff518f4ec8f292e95be7da /* ofxAudioUnitFilePlayer.cpp */,
				e255709a8d96e5b2a47124c8ea78fbf7 /* ofxAudioUnitFilePlayer.h */,
				9aba70779062f057766bc5de660295e8 /* ofxAudioUnitHardwareUtils.cpp */,
				a9fb6499e5a09fb015a883ea84c8556a /* ofxAudioUnitHardwareUtils.h */,
				921304abbee9bbad134368987c452278 /* ofxAudioUnitInput.cpp */,
				29320baa1f94e62780c2c648ad151136 /* ofxAudioUnitInput.h */,
				c8b7749dfcb2413261e353b4c279d8db /* ofxAudioUnitMatrixMixer.cpp */,
				24af919600e8f2404a7e5035539af172 /* ofxAudioUnitMatrixMixer.h */,
				49b5dc24cf34c7895a50341684c3b269 /* ofxAudioUnitMidi.cpp */,
				cda167e15fb84f30b6ce5f747410bc57 /* ofxAudioUnitMidi.h */,
				2939367276df781697e0d879aaf79d86 /* ofxAudioUnitMixer.cpp */,
				18f9c99efc1fc4b7eaf4e79f51da9216 /* ofxAudioUnitMixer.h */,
				c8329ebfadf768e535429bca43694591 /* ofxAudioUnitNetReceive.cpp */,
				f87718627e3ac8bbcd17012deacbc01f /* ofxAudioUnitNetReceive.h */,
				1b31a94c1f7a20222686e663f12ca574 /* ofxAudioUnitNetSend.cpp */,
				18b335e1bc2a834648c8d7dfe776e9be /* ofxAudioUnitNetSend.h */,
				58685f70d967cf184b2311021aa51c1b /* ofxAudioUnitOutput.cpp */,
				089deae1cf6d401e86110f72e7b2206d /* ofxAudioUnitOutput.h */,
				7fb5f74c69d4e17560bb615e28cd2a74 /* ofxAudioUnitRecorder.cpp */,
				ff907932a21c5d48b60d4feb32d455a4 /* ofxAudioUnitRecorder.h */,
				72439f44ffda8e291988657be8ebb925 /* ofxAudioUnitSampler.cpp */,
				c03e4bd2b0df7b29fcb3bddf61e654c2 /* ofxAudioUnitSampler.h */,
				39a11af55c4bffbb589c8d0de8bfdb77 /* ofxAudioUnitSpeechSynth.cpp */,
				883971ddcc3f7881c2c65b5061b42af5 /* ofxAudioUnitSpeechSynth.h */,
				3bf3233a625c876fdabfab0c722ef1b3 /* ofxAudioUnitTap.cpp */,
				d51a3b424e06281899de1b69efd937de /* ofxAudioUnitTap.h */,
				ccc45454ae1edaa951fc5b849966441a /* ofxAudioUnitUtils.h */,
				57d572937403d9d7fe4c20005870fd66 /* TPCircularBuffer */,
			);
			name = src;
			sourceTree = "<group>";
		};
		9360d34d90ea59a50af2804ff846484b /* ofxAudioUnit */ = {
			isa = PBXGroup;
			children = (
				8119335ee8e352a52d64b71245db4c1f /* src */,
			);
			name = ofxAudioUnit;
			sourceTree = "<group>";
		};
		BB4B014C10F69532006C3DED /* addons */ = {
			isa = PBXGroup;
			children = (
				9360d34d90ea59a50af2804ff846484b /* ofxAudioUnit */,
			);
			name = addons;
			sourceTree = "<group>";
		};
		BBAB23C913894ECA00AA2426 /* system frameworks */ = {
			isa = PBXGroup;
			children = (
				9011EBF21832C46F003EBEF6 /* AudioUnit.framework */,
				9011EBF31832C46F003EBEF6 /* CoreAudioKit.framework */,
				E7F985F515E0DE99003869B5 /* Accelerate.framework */,
				E4C2424410CC5A17004149E2 /* AppKit.framework */,
				E4C2424510CC5A17004149E2 /* Cocoa.framework */,
				E4C2424610CC5A17004149E2 /* IOKit.framework */,
				E45BE9710E8CC7DD009D7055 /* AGL.framework */,
				E45BE9720E8CC7DD009D7055 /* ApplicationServices.framework */,
				E45BE9730E8CC7DD009D7055 /* AudioToolbox.framework */,
				E45BE9740E8CC7DD009D7055 /* Carbon.framework */,
				E45BE9750E8CC7DD009D7055 /* CoreAudio.framework */,
				E45BE9760E8CC7DD009D7055 /* CoreFoundation.framework */,
				E45BE9770E8CC7DD009D7055 /* CoreServices.framework */,
				E45BE9790E8CC7DD009D7055 /* OpenGL.framework */,
				E45BE97A0E8CC7DD009D7055 /* QuickTime.framework */,
				E7E077E415D3B63C0020DFD4 /* CoreVideo.framework */,
				E7E077E715D3B6510020DFD4 /* QTKit.framework */,
			);
			name = "system frameworks";
			sourceTree = "<group>";
		};
		BBAB23CA13894EDB00AA2426 /* 3rd party frameworks */ = {
			isa = PBXGroup;
			children = (
				BBAB23BE13894E4700AA2426 /* GLUT.framework */,
			);
			name = "3rd party frameworks";
			sourceTree = "<group>";
		};
		E4328144138ABC890047C5CB /* Products */ = {
			isa = PBXGroup;
			children = (
				E4328148138ABC890047C5CB /* openFrameworksDebug.a */,
			);
			name = Products;
			sourceTree = "<group>";
		};
		E45BE5980E8CC70C009D7055 /* frameworks */ = {
			isa = PBXGroup;
			children = (
				BBAB23CA13894EDB00AA2426 /* 3rd party frameworks */,
				BBAB23C913894ECA00AA2426 /* system frameworks */,
			);
			name = frameworks;
			sourceTree = "<group>";
		};
		E4B69B4A0A3A1720003C02F2 = {
			isa = PBXGroup;
			children = (
				E4B6FCAD0C3E899E008CF71C /* openFrameworks-Info.plist */,
				E4EB6923138AFD0F00A09F29 /* Project.xcconfig */,
				E4B69E1C0A3A1BDC003C02F2 /* src */,
				E4EEC9E9138DF44700A80321 /* openFrameworks */,
				BB4B014C10F69532006C3DED /* addons */,
				E45BE5980E8CC70C009D7055 /* frameworks */,
				E4B69B5B0A3A1756003C02F2 /* AUworkshopDebug.app */,
			);
			sourceTree = "<group>";
		};
		E4B69E1C0A3A1BDC003C02F2 /* src */ = {
			isa = PBXGroup;
			children = (
				E4B69E1D0A3A1BDC003C02F2 /* main.cpp */,
				E4B69E1E0A3A1BDC003C02F2 /* testApp.cpp */,
				E4B69E1F0A3A1BDC003C02F2 /* testApp.h */,
			);
			path = src;
			sourceTree = SOURCE_ROOT;
		};
		E4EEC9E9138DF44700A80321 /* openFrameworks */ = {
			isa = PBXGroup;
			children = (
				E4EB691F138AFCF100A09F29 /* CoreOF.xcconfig */,
				E4328143138ABC890047C5CB /* openFrameworksLib.xcodeproj */,
			);
			name = openFrameworks;
			sourceTree = "<group>";
		};
/* End PBXGroup section */

/* Begin PBXNativeTarget section */
		E4B69B5A0A3A1756003C02F2 /* AUworkshop */ = {
			isa = PBXNativeTarget;
			buildConfigurationList = E4B69B5F0A3A1757003C02F2 /* Build configuration list for PBXNativeTarget "AUworkshop" */;
			buildPhases = (
				E4B69B580A3A1756003C02F2 /* Sources */,
				E4B69B590A3A1756003C02F2 /* Frameworks */,
				E4B6FFFD0C3F9AB9008CF71C /* ShellScript */,
				E4C2427710CC5ABF004149E2 /* CopyFiles */,
			);
			buildRules = (
			);
			dependencies = (
				E4EEB9AC138B136A00A80321 /* PBXTargetDependency */,
			);
			name = AUworkshop;
			productName = myOFApp;
			productReference = E4B69B5B0A3A1756003C02F2 /* AUworkshopDebug.app */;
			productType = "com.apple.product-type.application";
		};
/* End PBXNativeTarget section */

/* Begin PBXProject section */
		E4B69B4C0A3A1720003C02F2 /* Project object */ = {
			isa = PBXProject;
			attributes = {
				LastUpgradeCheck = 0460;
			};
			buildConfigurationList = E4B69B4D0A3A1720003C02F2 /* Build configuration list for PBXProject "AUworkshop" */;
			compatibilityVersion = "Xcode 3.2";
			developmentRegion = English;
			hasScannedForEncodings = 0;
			knownRegions = (
				English,
				Japanese,
				French,
				German,
			);
			mainGroup = E4B69B4A0A3A1720003C02F2;
			productRefGroup = E4B69B4A0A3A1720003C02F2;
			projectDirPath = "";
			projectReferences = (
				{
					ProductGroup = E4328144138ABC890047C5CB /* Products */;
					ProjectRef = E4328143138ABC890047C5CB /* openFrameworksLib.xcodeproj */;
				},
			);
			projectRoot = "";
			targets = (
				E4B69B5A0A3A1756003C02F2 /* AUworkshop */,
			);
		};
/* End PBXProject section */

/* Begin PBXReferenceProxy section */
		E4328148138ABC890047C5CB /* openFrameworksDebug.a */ = {
			isa = PBXReferenceProxy;
			fileType = archive.ar;
			path = openFrameworksDebug.a;
			remoteRef = E4328147138ABC890047C5CB /* PBXContainerItemProxy */;
			sourceTree = BUILT_PRODUCTS_DIR;
		};
/* End PBXReferenceProxy section */

/* Begin PBXShellScriptBuildPhase section */
		E4B6FFFD0C3F9AB9008CF71C /* ShellScript */ = {
			isa = PBXShellScriptBuildPhase;
			buildActionMask = 2147483647;
			files = (
			);
			inputPaths = (
			);
			outputPaths = (
			);
			runOnlyForDeploymentPostprocessing = 0;
			shellPath = /bin/sh;
			shellScript = "cp -f ../../../libs/fmodex/lib/osx/libfmodex.dylib \"$TARGET_BUILD_DIR/$PRODUCT_NAME.app/Contents/MacOS/libfmodex.dylib\"; install_name_tool -change ./libfmodex.dylib @executable_path/libfmodex.dylib \"$TARGET_BUILD_DIR/$PRODUCT_NAME.app/Contents/MacOS/$PRODUCT_NAME\";\nmkdir -p \"$TARGET_BUILD_DIR/$PRODUCT_NAME.app/Contents/Resources/\"\ncp -f \"$ICON_FILE\" \"$TARGET_BUILD_DIR/$PRODUCT_NAME.app/Contents/Resources/\"\n";
		};
/* End PBXShellScriptBuildPhase section */

/* Begin PBXSourcesBuildPhase section */
		E4B69B580A3A1756003C02F2 /* Sources */ = {
			isa = PBXSourcesBuildPhase;
			buildActionMask = 2147483647;
			files = (
				E4B69E200A3A1BDC003C02F2 /* main.cpp in Sources */,
				E4B69E210A3A1BDC003C02F2 /* testApp.cpp in Sources */,
				6f4c9bc6393f980e0d016d520dd86f30 /* AUParamInfo.cpp in Sources */,
				b7855559edba51207314369387bb28a9 /* CAAUParameter.cpp in Sources */,
				0c4f519bce65ba5d7d6b6b68d57ecf11 /* CADebugMacros.cpp in Sources */,
				87b337624802e70c0bdb11f33d9e5da5 /* ofxAudioUnit.cpp in Sources */,
				2d5ff7f2acfb45212bc7739d19593e1b /* ofxAudioUnitCocoaUtilties.mm in Sources */,
				2b33b0211e062cb61c7faef9e99e4eff /* ofxAudioUnitDSPNode.cpp in Sources */,
				0e826ec50f9f913c3159c2f77faa5583 /* ofxAudioUnitFftNode.cpp in Sources */,
				f37393707bbd7e49a1055ffbaf2d252d /* ofxAudioUnitFilePlayer.cpp in Sources */,
				f09ec3f89cf64e415784bb3205db80da /* ofxAudioUnitHardwareUtils.cpp in Sources */,
				a1d93b3b282e51fd3ded53133a442174 /* ofxAudioUnitInput.cpp in Sources */,
				0906c2d4d2bbec054b2d5ba575b25d06 /* ofxAudioUnitMatrixMixer.cpp in Sources */,
				d5d5c8479c1c2a462955a2eccb1dbe2a /* ofxAudioUnitMidi.cpp in Sources */,
				71239fabd9dd8dade3e2eff959fb267b /* ofxAudioUnitMixer.cpp in Sources */,
				c0a1f9451231b08dccffc838143dfcfa /* ofxAudioUnitNetReceive.cpp in Sources */,
				250a710d8814bf6d345b0877aa3e879b /* ofxAudioUnitNetSend.cpp in Sources */,
				f46d757e6d52dffe3a9c169bfec4ec4b /* ofxAudioUnitOutput.cpp in Sources */,
				aa26bbda5e32e5bb20c82addd5114453 /* ofxAudioUnitRecorder.cpp in Sources */,
				0928f46c1ffafb7170c2a661ee0a4a61 /* ofxAudioUnitSampler.cpp in Sources */,
				ab6830767302568ab46dc937f040dcd9 /* ofxAudioUnitSpeechSynth.cpp in Sources */,
				0b1a7edfbc477e5a2e37ccdf3645d0a9 /* ofxAudioUnitTap.cpp in Sources */,
				ee243572eca9ad4d118eef8e0bbca18a /* TPCircularBuffer.c in Sources */,
			);
			runOnlyForDeploymentPostprocessing = 0;
		};
/* End PBXSourcesBuildPhase section */

/* Begin PBXTargetDependency section */
		E4EEB9AC138B136A00A80321 /* PBXTargetDependency */ = {
			isa = PBXTargetDependency;
			name = openFrameworks;
			targetProxy = E4EEB9AB138B136A00A80321 /* PBXContainerItemProxy */;
		};
/* End PBXTargetDependency section */

/* Begin XCBuildConfiguration section */
		E4B69B4E0A3A1720003C02F2 /* Debug */ = {
			isa = XCBuildConfiguration;
			baseConfigurationReference = E4EB6923138AFD0F00A09F29 /* Project.xcconfig */;
			buildSettings = {
				ARCHS = "$(NATIVE_ARCH)";
				CONFIGURATION_BUILD_DIR = "$(SRCROOT)/bin/";
				COPY_PHASE_STRIP = NO;
				DEAD_CODE_STRIPPING = YES;
				GCC_AUTO_VECTORIZATION = YES;
				GCC_ENABLE_SSE3_EXTENSIONS = YES;
				GCC_ENABLE_SUPPLEMENTAL_SSE3_INSTRUCTIONS = YES;
				GCC_INLINES_ARE_PRIVATE_EXTERN = NO;
				GCC_OPTIMIZATION_LEVEL = 0;
				GCC_SYMBOLS_PRIVATE_EXTERN = NO;
				GCC_WARN_ABOUT_DEPRECATED_FUNCTIONS = YES;
				GCC_WARN_ABOUT_INVALID_OFFSETOF_MACRO = NO;
				GCC_WARN_ALLOW_INCOMPLETE_PROTOCOL = NO;
				GCC_WARN_UNINITIALIZED_AUTOS = NO;
				GCC_WARN_UNUSED_VALUE = NO;
				GCC_WARN_UNUSED_VARIABLE = NO;
				HEADER_SEARCH_PATHS = (
					"$(OF_CORE_HEADERS)",
					../../../addons/ofxAudioUnit/libs,
					../../../addons/ofxAudioUnit/src,
					../../../addons/ofxAudioUnit/src/CAPublicUtility,
					../../../addons/ofxAudioUnit/src/TPCircularBuffer,
				);
				MACOSX_DEPLOYMENT_TARGET = 10.6;
				OTHER_CPLUSPLUSFLAGS = (
					"-D__MACOSX_CORE__",
					"-lpthread",
					"-mtune=native",
				);
				SDKROOT = macosx;
			};
			name = Debug;
		};
		E4B69B4F0A3A1720003C02F2 /* Release */ = {
			isa = XCBuildConfiguration;
			baseConfigurationReference = E4EB6923138AFD0F00A09F29 /* Project.xcconfig */;
			buildSettings = {
				ARCHS = "$(NATIVE_ARCH)";
				CONFIGURATION_BUILD_DIR = "$(SRCROOT)/bin/";
				COPY_PHASE_STRIP = YES;
				DEAD_CODE_STRIPPING = YES;
				GCC_AUTO_VECTORIZATION = YES;
				GCC_ENABLE_SSE3_EXTENSIONS = YES;
				GCC_ENABLE_SUPPLEMENTAL_SSE3_INSTRUCTIONS = YES;
				GCC_INLINES_ARE_PRIVATE_EXTERN = NO;
				GCC_OPTIMIZATION_LEVEL = 3;
				GCC_SYMBOLS_PRIVATE_EXTERN = NO;
				GCC_UNROLL_LOOPS = YES;
				GCC_WARN_ABOUT_DEPRECATED_FUNCTIONS = YES;
				GCC_WARN_ABOUT_INVALID_OFFSETOF_MACRO = NO;
				GCC_WARN_ALLOW_INCOMPLETE_PROTOCOL = NO;
				GCC_WARN_UNINITIALIZED_AUTOS = NO;
				GCC_WARN_UNUSED_VALUE = NO;
				GCC_WARN_UNUSED_VARIABLE = NO;
				HEADER_SEARCH_PATHS = (
					"$(OF_CORE_HEADERS)",
					../../../addons/ofxAudioUnit/libs,
					../../../addons/ofxAudioUnit/src,
					../../../addons/ofxAudioUnit/src/CAPublicUtility,
					../../../addons/ofxAudioUnit/src/TPCircularBuffer,
				);
				MACOSX_DEPLOYMENT_TARGET = 10.6;
				OTHER_CPLUSPLUSFLAGS = (
					"-D__MACOSX_CORE__",
					"-lpthread",
					"-mtune=native",
				);
				SDKROOT = macosx;
			};
			name = Release;
		};
		E4B69B600A3A1757003C02F2 /* Debug */ = {
			isa = XCBuildConfiguration;
			buildSettings = {
				COMBINE_HIDPI_IMAGES = YES;
				COPY_PHASE_STRIP = NO;
				FRAMEWORK_SEARCH_PATHS = (
					"$(inherited)",
					"$(FRAMEWORK_SEARCH_PATHS_QUOTED_FOR_TARGET_1)",
				);
				FRAMEWORK_SEARCH_PATHS_QUOTED_FOR_TARGET_1 = "\"$(SRCROOT)/../../../libs/glut/lib/osx\"";
				GCC_DYNAMIC_NO_PIC = NO;
				GCC_GENERATE_DEBUGGING_SYMBOLS = YES;
				GCC_MODEL_TUNING = NONE;
				ICON = "$(ICON_NAME_DEBUG)";
				ICON_FILE = "$(ICON_FILE_PATH)$(ICON)";
				INFOPLIST_FILE = "openFrameworks-Info.plist";
				INSTALL_PATH = "$(HOME)/Applications";
				LIBRARY_SEARCH_PATHS = (
					"$(inherited)",
					"$(LIBRARY_SEARCH_PATHS_QUOTED_FOR_TARGET_1)",
					"$(LIBRARY_SEARCH_PATHS_QUOTED_FOR_TARGET_2)",
					"$(LIBRARY_SEARCH_PATHS_QUOTED_FOR_TARGET_3)",
					"$(LIBRARY_SEARCH_PATHS_QUOTED_FOR_TARGET_4)",
					"$(LIBRARY_SEARCH_PATHS_QUOTED_FOR_TARGET_5)",
					"$(LIBRARY_SEARCH_PATHS_QUOTED_FOR_TARGET_6)",
					"$(LIBRARY_SEARCH_PATHS_QUOTED_FOR_TARGET_7)",
					"$(LIBRARY_SEARCH_PATHS_QUOTED_FOR_TARGET_8)",
					"$(LIBRARY_SEARCH_PATHS_QUOTED_FOR_TARGET_9)",
					"$(LIBRARY_SEARCH_PATHS_QUOTED_FOR_TARGET_10)",
					"$(LIBRARY_SEARCH_PATHS_QUOTED_FOR_TARGET_11)",
					"$(LIBRARY_SEARCH_PATHS_QUOTED_FOR_TARGET_12)",
					"$(LIBRARY_SEARCH_PATHS_QUOTED_FOR_TARGET_13)",
					"$(LIBRARY_SEARCH_PATHS_QUOTED_FOR_TARGET_14)",
					"$(LIBRARY_SEARCH_PATHS_QUOTED_FOR_TARGET_15)",
					"$(LIBRARY_SEARCH_PATHS_QUOTED_FOR_TARGET_2)",
					"$(LIBRARY_SEARCH_PATHS_QUOTED_FOR_TARGET_3)",
					"$(LIBRARY_SEARCH_PATHS_QUOTED_FOR_TARGET_7)",
					"$(LIBRARY_SEARCH_PATHS_QUOTED_FOR_TARGET_8)",
					"$(LIBRARY_SEARCH_PATHS_QUOTED_FOR_TARGET_9)",
					"$(LIBRARY_SEARCH_PATHS_QUOTED_FOR_TARGET_10)",
					"$(LIBRARY_SEARCH_PATHS_QUOTED_FOR_TARGET_11)",
					"$(LIBRARY_SEARCH_PATHS_QUOTED_FOR_TARGET_12)",
					"$(LIBRARY_SEARCH_PATHS_QUOTED_FOR_TARGET_13)",
					"$(LIBRARY_SEARCH_PATHS_QUOTED_FOR_TARGET_16)",
					"$(LIBRARY_SEARCH_PATHS_QUOTED_FOR_TARGET_17)",
					"$(LIBRARY_SEARCH_PATHS_QUOTED_FOR_TARGET_18)",
					"$(LIBRARY_SEARCH_PATHS_QUOTED_FOR_TARGET_19)",
					"$(LIBRARY_SEARCH_PATHS_QUOTED_FOR_TARGET_20)",
					"$(LIBRARY_SEARCH_PATHS_QUOTED_FOR_TARGET_21)",
					"$(LIBRARY_SEARCH_PATHS_QUOTED_FOR_TARGET_22)",
					"$(LIBRARY_SEARCH_PATHS_QUOTED_FOR_TARGET_23)",
					"$(LIBRARY_SEARCH_PATHS_QUOTED_FOR_TARGET_24)",
					"$(LIBRARY_SEARCH_PATHS_QUOTED_FOR_TARGET_25)",
					"$(LIBRARY_SEARCH_PATHS_QUOTED_FOR_TARGET_26)",
					"$(LIBRARY_SEARCH_PATHS_QUOTED_FOR_TARGET_27)",
					"$(LIBRARY_SEARCH_PATHS_QUOTED_FOR_TARGET_28)",
					"$(LIBRARY_SEARCH_PATHS_QUOTED_FOR_TARGET_29)",
					"$(LIBRARY_SEARCH_PATHS_QUOTED_FOR_TARGET_30)",
					"$(LIBRARY_SEARCH_PATHS_QUOTED_FOR_TARGET_31)",
					"$(LIBRARY_SEARCH_PATHS_QUOTED_FOR_TARGET_32)",
					"$(LIBRARY_SEARCH_PATHS_QUOTED_FOR_TARGET_33)",
					"$(LIBRARY_SEARCH_PATHS_QUOTED_FOR_TARGET_34)",
					"$(LIBRARY_SEARCH_PATHS_QUOTED_FOR_TARGET_35)",
					"$(LIBRARY_SEARCH_PATHS_QUOTED_FOR_TARGET_36)",
					"$(LIBRARY_SEARCH_PATHS_QUOTED_FOR_TARGET_37)",
					"$(LIBRARY_SEARCH_PATHS_QUOTED_FOR_TARGET_38)",
					"$(LIBRARY_SEARCH_PATHS_QUOTED_FOR_TARGET_39)",
					"$(LIBRARY_SEARCH_PATHS_QUOTED_FOR_TARGET_40)",
					"$(LIBRARY_SEARCH_PATHS_QUOTED_FOR_TARGET_41)",
					"$(LIBRARY_SEARCH_PATHS_QUOTED_FOR_TARGET_42)",
					"$(LIBRARY_SEARCH_PATHS_QUOTED_FOR_TARGET_43)",
					"$(LIBRARY_SEARCH_PATHS_QUOTED_FOR_TARGET_44)",
					"$(LIBRARY_SEARCH_PATHS_QUOTED_FOR_TARGET_45)",
					"$(LIBRARY_SEARCH_PATHS_QUOTED_FOR_TARGET_46)",
					"$(LIBRARY_SEARCH_PATHS_QUOTED_FOR_TARGET_47)",
					"$(LIBRARY_SEARCH_PATHS_QUOTED_FOR_TARGET_48)",
					"$(LIBRARY_SEARCH_PATHS_QUOTED_FOR_TARGET_49)",
					"$(LIBRARY_SEARCH_PATHS_QUOTED_FOR_TARGET_50)",
					"$(LIBRARY_SEARCH_PATHS_QUOTED_FOR_TARGET_51)",
					"$(LIBRARY_SEARCH_PATHS_QUOTED_FOR_TARGET_52)",
				);
				PRODUCT_NAME = "$(TARGET_NAME)Debug";
				WRAPPER_EXTENSION = app;
			};
			name = Debug;
		};
		E4B69B610A3A1757003C02F2 /* Release */ = {
			isa = XCBuildConfiguration;
			buildSettings = {
				COMBINE_HIDPI_IMAGES = YES;
				COPY_PHASE_STRIP = YES;
				FRAMEWORK_SEARCH_PATHS = (
					"$(inherited)",
					"$(FRAMEWORK_SEARCH_PATHS_QUOTED_FOR_TARGET_1)",
				);
				FRAMEWORK_SEARCH_PATHS_QUOTED_FOR_TARGET_1 = "\"$(SRCROOT)/../../../libs/glut/lib/osx\"";
				GCC_GENERATE_DEBUGGING_SYMBOLS = YES;
				GCC_MODEL_TUNING = NONE;
				ICON = "$(ICON_NAME_RELEASE)";
				ICON_FILE = "$(ICON_FILE_PATH)$(ICON)";
				INFOPLIST_FILE = "openFrameworks-Info.plist";
				INSTALL_PATH = "$(HOME)/Applications";
				LIBRARY_SEARCH_PATHS = (
					"$(inherited)",
					"$(LIBRARY_SEARCH_PATHS_QUOTED_FOR_TARGET_1)",
					"$(LIBRARY_SEARCH_PATHS_QUOTED_FOR_TARGET_2)",
					"$(LIBRARY_SEARCH_PATHS_QUOTED_FOR_TARGET_3)",
					"$(LIBRARY_SEARCH_PATHS_QUOTED_FOR_TARGET_4)",
					"$(LIBRARY_SEARCH_PATHS_QUOTED_FOR_TARGET_5)",
					"$(LIBRARY_SEARCH_PATHS_QUOTED_FOR_TARGET_6)",
					"$(LIBRARY_SEARCH_PATHS_QUOTED_FOR_TARGET_7)",
					"$(LIBRARY_SEARCH_PATHS_QUOTED_FOR_TARGET_8)",
					"$(LIBRARY_SEARCH_PATHS_QUOTED_FOR_TARGET_9)",
					"$(LIBRARY_SEARCH_PATHS_QUOTED_FOR_TARGET_10)",
					"$(LIBRARY_SEARCH_PATHS_QUOTED_FOR_TARGET_11)",
					"$(LIBRARY_SEARCH_PATHS_QUOTED_FOR_TARGET_12)",
					"$(LIBRARY_SEARCH_PATHS_QUOTED_FOR_TARGET_13)",
					"$(LIBRARY_SEARCH_PATHS_QUOTED_FOR_TARGET_14)",
					"$(LIBRARY_SEARCH_PATHS_QUOTED_FOR_TARGET_15)",
					"$(LIBRARY_SEARCH_PATHS_QUOTED_FOR_TARGET_2)",
					"$(LIBRARY_SEARCH_PATHS_QUOTED_1)",
					"$(LIBRARY_SEARCH_PATHS_QUOTED_FOR_TARGET_3)",
					"$(LIBRARY_SEARCH_PATHS_QUOTED_FOR_TARGET_7)",
					"$(LIBRARY_SEARCH_PATHS_QUOTED_FOR_TARGET_8)",
					"$(LIBRARY_SEARCH_PATHS_QUOTED_FOR_TARGET_9)",
					"$(LIBRARY_SEARCH_PATHS_QUOTED_FOR_TARGET_10)",
					"$(LIBRARY_SEARCH_PATHS_QUOTED_FOR_TARGET_11)",
					"$(LIBRARY_SEARCH_PATHS_QUOTED_FOR_TARGET_12)",
					"$(LIBRARY_SEARCH_PATHS_QUOTED_FOR_TARGET_13)",
					"$(LIBRARY_SEARCH_PATHS_QUOTED_FOR_TARGET_16)",
					"$(LIBRARY_SEARCH_PATHS_QUOTED_FOR_TARGET_17)",
					"$(LIBRARY_SEARCH_PATHS_QUOTED_FOR_TARGET_18)",
					"$(LIBRARY_SEARCH_PATHS_QUOTED_FOR_TARGET_19)",
					"$(LIBRARY_SEARCH_PATHS_QUOTED_FOR_TARGET_20)",
					"$(LIBRARY_SEARCH_PATHS_QUOTED_FOR_TARGET_21)",
					"$(LIBRARY_SEARCH_PATHS_QUOTED_FOR_TARGET_22)",
					"$(LIBRARY_SEARCH_PATHS_QUOTED_FOR_TARGET_23)",
					"$(LIBRARY_SEARCH_PATHS_QUOTED_FOR_TARGET_24)",
					"$(LIBRARY_SEARCH_PATHS_QUOTED_FOR_TARGET_25)",
					"$(LIBRARY_SEARCH_PATHS_QUOTED_FOR_TARGET_26)",
					"$(LIBRARY_SEARCH_PATHS_QUOTED_FOR_TARGET_27)",
					"$(LIBRARY_SEARCH_PATHS_QUOTED_FOR_TARGET_28)",
					"$(LIBRARY_SEARCH_PATHS_QUOTED_FOR_TARGET_29)",
					"$(LIBRARY_SEARCH_PATHS_QUOTED_FOR_TARGET_30)",
					"$(LIBRARY_SEARCH_PATHS_QUOTED_FOR_TARGET_31)",
					"$(LIBRARY_SEARCH_PATHS_QUOTED_FOR_TARGET_32)",
					"$(LIBRARY_SEARCH_PATHS_QUOTED_FOR_TARGET_33)",
					"$(LIBRARY_SEARCH_PATHS_QUOTED_FOR_TARGET_34)",
					"$(LIBRARY_SEARCH_PATHS_QUOTED_FOR_TARGET_35)",
					"$(LIBRARY_SEARCH_PATHS_QUOTED_FOR_TARGET_36)",
					"$(LIBRARY_SEARCH_PATHS_QUOTED_FOR_TARGET_37)",
					"$(LIBRARY_SEARCH_PATHS_QUOTED_FOR_TARGET_38)",
					"$(LIBRARY_SEARCH_PATHS_QUOTED_FOR_TARGET_39)",
					"$(LIBRARY_SEARCH_PATHS_QUOTED_FOR_TARGET_40)",
					"$(LIBRARY_SEARCH_PATHS_QUOTED_FOR_TARGET_41)",
					"$(LIBRARY_SEARCH_PATHS_QUOTED_FOR_TARGET_42)",
					"$(LIBRARY_SEARCH_PATHS_QUOTED_FOR_TARGET_43)",
					"$(LIBRARY_SEARCH_PATHS_QUOTED_FOR_TARGET_44)",
					"$(LIBRARY_SEARCH_PATHS_QUOTED_FOR_TARGET_45)",
					"$(LIBRARY_SEARCH_PATHS_QUOTED_FOR_TARGET_46)",
					"$(LIBRARY_SEARCH_PATHS_QUOTED_FOR_TARGET_47)",
					"$(LIBRARY_SEARCH_PATHS_QUOTED_FOR_TARGET_48)",
					"$(LIBRARY_SEARCH_PATHS_QUOTED_FOR_TARGET_49)",
					"$(LIBRARY_SEARCH_PATHS_QUOTED_FOR_TARGET_50)",
					"$(LIBRARY_SEARCH_PATHS_QUOTED_FOR_TARGET_51)",
				);
				PRODUCT_NAME = "$(TARGET_NAME)";
				WRAPPER_EXTENSION = app;
			};
			name = Release;
		};
/* End XCBuildConfiguration section */

/* Begin XCConfigurationList section */
		E4B69B4D0A3A1720003C02F2 /* Build configuration list for PBXProject "AUworkshop" */ = {
			isa = XCConfigurationList;
			buildConfigurations = (
				E4B69B4E0A3A1720003C02F2 /* Debug */,
				E4B69B4F0A3A1720003C02F2 /* Release */,
			);
			defaultConfigurationIsVisible = 0;
			defaultConfigurationName = Release;
		};
		E4B69B5F0A3A1757003C02F2 /* Build configuration list for PBXNativeTarget "AUworkshop" */ = {
			isa = XCConfigurationList;
			buildConfigurations = (
				E4B69B600A3A1757003C02F2 /* Debug */,
				E4B69B610A3A1757003C02F2 /* Release */,
			);
			defaultConfigurationIsVisible = 0;
			defaultConfigurationName = Release;
		};
/* End XCConfigurationList section */
	};
	rootObject = E4B69B4C0A3A1720003C02F2 /* Project object */;
}
